
Microsoft Visual Studio Solution File, Format Version 12.00
# Visual Studio Version 17
VisualStudioVersion = 17.11.35312.102
MinimumVisualStudioVersion = 10.0.40219.1
Project("{FAE04EC0-301F-11D3-BF4B-00C04F79EFBC}") = "EmployeeAdminPortal", "EmployeeAdminPortal\EmployeeAdminPortal.csproj", "{18CF9099-4E5D-4592-B7EF-598656A18461}"
EndProject
Global
	GlobalSection(SolutionConfigurationPlatforms) = preSolution
		Debug|Any CPU = Debug|Any CPU
		Release|Any CPU = Release|Any CPU
	EndGlobalSection
	GlobalSection(ProjectConfigurationPlatforms) = postSolution
		{18CF9099-4E5D-4592-B7EF-598656A18461}.Debug|Any CPU.ActiveCfg = Debug|Any CPU
		{18CF9099-4E5D-4592-B7EF-598656A18461}.Debug|Any CPU.Build.0 = Debug|Any CPU
		{18CF9099-4E5D-4592-B7EF-598656A18461}.Release|Any CPU.ActiveCfg = Release|Any CPU
		{18CF9099-4E5D-4592-B7EF-598656A18461}.Release|Any CPU.Build.0 = Release|Any CPU
	EndGlobalSection
	GlobalSection(SolutionProperties) = preSolution
		HideSolutionNode = FALSE
	EndGlobalSection
	GlobalSection(ExtensibilityGlobals) = postSolution
		SolutionGuid = {40C5035C-529F-460A-851C-FD8691788D75}
	EndGlobalSection
EndGlobal
